// !$*UTF8*$!
{
	archiveVersion = 1;
	classes = {
	};
	objectVersion = 46;
	objects = {

/* Begin PBXBuildFile section */
		3C3D059B1A50FBD3002E3669 /* AppDelegate.swift in Sources */ = {isa = PBXBuildFile; fileRef = 3C3D059A1A50FBD3002E3669 /* AppDelegate.swift */; };
		3C3D059D1A50FBD3002E3669 /* ViewController.swift in Sources */ = {isa = PBXBuildFile; fileRef = 3C3D059C1A50FBD3002E3669 /* ViewController.swift */; };
		3C3D05A01A50FBD3002E3669 /* Main.storyboard in Resources */ = {isa = PBXBuildFile; fileRef = 3C3D059E1A50FBD3002E3669 /* Main.storyboard */; };
		3C3D05A21A50FBD3002E3669 /* Images.xcassets in Resources */ = {isa = PBXBuildFile; fileRef = 3C3D05A11A50FBD3002E3669 /* Images.xcassets */; };
		3C3D05A51A50FBD3002E3669 /* LaunchScreen.xib in Resources */ = {isa = PBXBuildFile; fileRef = 3C3D05A31A50FBD3002E3669 /* LaunchScreen.xib */; };
		3C3D05B11A50FBD3002E3669 /* PostcardTests.swift in Sources */ = {isa = PBXBuildFile; fileRef = 3C3D05B01A50FBD3002E3669 /* PostcardTests.swift */; };
		3C3D05BB1A511E26002E3669 /* SagradaFamilia.jpeg in Resources */ = {isa = PBXBuildFile; fileRef = 3C3D05BA1A511E26002E3669 /* SagradaFamilia.jpeg */; };
		3C3D05BD1A515083002E3669 /* AlbertEinsteinStamp.jpg in Resources */ = {isa = PBXBuildFile; fileRef = 3C3D05BC1A515083002E3669 /* AlbertEinsteinStamp.jpg */; };
/* End PBXBuildFile section */

/* Begin PBXContainerItemProxy section */
		3C3D05AB1A50FBD3002E3669 /* PBXContainerItemProxy */ = {
			isa = PBXContainerItemProxy;
			containerPortal = 3C3D058D1A50FBD3002E3669 /* Project object */;
			proxyType = 1;
			remoteGlobalIDString = 3C3D05941A50FBD3002E3669;
			remoteInfo = Postcard;
		};
/* End PBXContainerItemProxy section */

/* Begin PBXFileReference section */
		3C3D05951A50FBD3002E3669 /* Postcard.app */ = {isa = PBXFileReference; explicitFileType = wrapper.application; includeInIndex = 0; path = Postcard.app; sourceTree = BUILT_PRODUCTS_DIR; };
		3C3D05991A50FBD3002E3669 /* Info.plist */ = {isa = PBXFileReference; lastKnownFileType = text.plist.xml; path = Info.plist; sourceTree = "<group>"; };
		3C3D059A1A50FBD3002E3669 /* AppDelegate.swift */ = {isa = PBXFileReference; lastKnownFileType = sourcecode.swift; path = AppDelegate.swift; sourceTree = "<group>"; };
		3C3D059C1A50FBD3002E3669 /* ViewController.swift */ = {isa = PBXFileReference; lastKnownFileType = sourcecode.swift; path = ViewController.swift; sourceTree = "<group>"; };
		3C3D059F1A50FBD3002E3669 /* Base */ = {isa = PBXFileReference; lastKnownFileType = file.storyboard; name = Base; path = Base.lproj/Main.storyboard; sourceTree = "<group>"; };
		3C3D05A11A50FBD3002E3669 /* Images.xcassets */ = {isa = PBXFileReference; lastKnownFileType = folder.assetcatalog; path = Images.xcassets; sourceTree = "<group>"; };
		3C3D05A41A50FBD3002E3669 /* Base */ = {isa = PBXFileReference; lastKnownFileType = file.xib; name = Base; path = Base.lproj/LaunchScreen.xib; sourceTree = "<group>"; };
		3C3D05AA1A50FBD3002E3669 /* PostcardTests.xctest */ = {isa = PBXFileReference; explicitFileType = wrapper.cfbundle; includeInIndex = 0; path = PostcardTests.xctest; sourceTree = BUILT_PRODUCTS_DIR; };
		3C3D05AF1A50FBD3002E3669 /* Info.plist */ = {isa = PBXFileReference; lastKnownFileType = text.plist.xml; path = Info.plist; sourceTree = "<group>"; };
		3C3D05B01A50FBD3002E3669 /* PostcardTests.swift */ = {isa = PBXFileReference; lastKnownFileType = sourcecode.swift; path = PostcardTests.swift; sourceTree = "<group>"; };
		3C3D05BA1A511E26002E3669 /* SagradaFamilia.jpeg */ = {isa = PBXFileReference; lastKnownFileType = image.jpeg; path = SagradaFamilia.jpeg; sourceTree = "<group>"; };
		3C3D05BC1A515083002E3669 /* AlbertEinsteinStamp.jpg */ = {isa = PBXFileReference; lastKnownFileType = image.jpeg; path = AlbertEinsteinStamp.jpg; sourceTree = "<group>"; };
/* End PBXFileReference section */

/* Begin PBXFrameworksBuildPhase section */
		3C3D05921A50FBD3002E3669 /* Frameworks */ = {
			isa = PBXFrameworksBuildPhase;
			buildActionMask = 2147483647;
			files = (
			);
			runOnlyForDeploymentPostprocessing = 0;
		};
		3C3D05A71A50FBD3002E3669 /* Frameworks */ = {
			isa = PBXFrameworksBuildPhase;
			buildActionMask = 2147483647;
			files = (
			);
			runOnlyForDeploymentPostprocessing = 0;
		};
/* End PBXFrameworksBuildPhase section */

/* Begin PBXGroup section */
		3C3D058C1A50FBD3002E3669 = {
			isa = PBXGroup;
			children = (
				3C3D05971A50FBD3002E3669 /* Postcard */,
				3C3D05AD1A50FBD3002E3669 /* PostcardTests */,
				3C3D05961A50FBD3002E3669 /* Products */,
			);
			sourceTree = "<group>";
		};
		3C3D05961A50FBD3002E3669 /* Products */ = {
			isa = PBXGroup;
			children = (
				3C3D05951A50FBD3002E3669 /* Postcard.app */,
				3C3D05AA1A50FBD3002E3669 /* PostcardTests.xctest */,
			);
			name = Products;
			sourceTree = "<group>";
		};
		3C3D05971A50FBD3002E3669 /* Postcard */ = {
			isa = PBXGroup;
			children = (
				3C3D059A1A50FBD3002E3669 /* AppDelegate.swift */,
				3C3D059C1A50FBD3002E3669 /* ViewController.swift */,
				3C3D059E1A50FBD3002E3669 /* Main.storyboard */,
				3C3D05A11A50FBD3002E3669 /* Images.xcassets */,
				3C3D05A31A50FBD3002E3669 /* LaunchScreen.xib */,
				3C3D05981A50FBD3002E3669 /* Supporting Files */,
			);
			path = Postcard;
			sourceTree = "<group>";
		};
		3C3D05981A50FBD3002E3669 /* Supporting Files */ = {
			isa = PBXGroup;
			children = (
				3C3D05BC1A515083002E3669 /* AlbertEinsteinStamp.jpg */,
				3C3D05BA1A511E26002E3669 /* SagradaFamilia.jpeg */,
				3C3D05991A50FBD3002E3669 /* Info.plist */,
			);
			name = "Supporting Files";
			sourceTree = "<group>";
		};
		3C3D05AD1A50FBD3002E3669 /* PostcardTests */ = {
			isa = PBXGroup;
			children = (
				3C3D05B01A50FBD3002E3669 /* PostcardTests.swift */,
				3C3D05AE1A50FBD3002E3669 /* Supporting Files */,
			);
			path = PostcardTests;
			sourceTree = "<group>";
		};
		3C3D05AE1A50FBD3002E3669 /* Supporting Files */ = {
			isa = PBXGroup;
			children = (
				3C3D05AF1A50FBD3002E3669 /* Info.plist */,
			);
			name = "Supporting Files";
			sourceTree = "<group>";
		};
/* End PBXGroup section */

/* Begin PBXNativeTarget section */
		3C3D05941A50FBD3002E3669 /* Postcard */ = {
			isa = PBXNativeTarget;
			buildConfigurationList = 3C3D05B41A50FBD3002E3669 /* Build configuration list for PBXNativeTarget "Postcard" */;
			buildPhases = (
				3C3D05911A50FBD3002E3669 /* Sources */,
				3C3D05921A50FBD3002E3669 /* Frameworks */,
				3C3D05931A50FBD3002E3669 /* Resources */,
			);
			buildRules = (
			);
			dependencies = (
			);
			name = Postcard;
			productName = Postcard;
			productReference = 3C3D05951A50FBD3002E3669 /* Postcard.app */;
			productType = "com.apple.product-type.application";
		};
		3C3D05A91A50FBD3002E3669 /* PostcardTests */ = {
			isa = PBXNativeTarget;
			buildConfigurationList = 3C3D05B71A50FBD3002E3669 /* Build configuration list for PBXNativeTarget "PostcardTests" */;
			buildPhases = (
				3C3D05A61A50FBD3002E3669 /* Sources */,
				3C3D05A71A50FBD3002E3669 /* Frameworks */,
				3C3D05A81A50FBD3002E3669 /* Resources */,
			);
			buildRules = (
			);
			dependencies = (
				3C3D05AC1A50FBD3002E3669 /* PBXTargetDependency */,
			);
			name = PostcardTests;
			productName = PostcardTests;
			productReference = 3C3D05AA1A50FBD3002E3669 /* PostcardTests.xctest */;
			productType = "com.apple.product-type.bundle.unit-test";
		};
/* End PBXNativeTarget section */

/* Begin PBXProject section */
		3C3D058D1A50FBD3002E3669 /* Project object */ = {
			isa = PBXProject;
			attributes = {
				LastUpgradeCheck = 0610;
				ORGANIZATIONNAME = Jeff;
				TargetAttributes = {
					3C3D05941A50FBD3002E3669 = {
						CreatedOnToolsVersion = 6.1.1;
					};
					3C3D05A91A50FBD3002E3669 = {
						CreatedOnToolsVersion = 6.1.1;
						TestTargetID = 3C3D05941A50FBD3002E3669;
					};
				};
			};
			buildConfigurationList = 3C3D05901A50FBD3002E3669 /* Build configuration list for PBXProject "Postcard" */;
			compatibilityVersion = "Xcode 3.2";
			developmentRegion = English;
			hasScannedForEncodings = 0;
			knownRegions = (
				en,
				Base,
			);
			mainGroup = 3C3D058C1A50FBD3002E3669;
			productRefGroup = 3C3D05961A50FBD3002E3669 /* Products */;
			projectDirPath = "";
			projectRoot = "";
			targets = (
				3C3D05941A50FBD3002E3669 /* Postcard */,
				3C3D05A91A50FBD3002E3669 /* PostcardTests */,
			);
		};
/* End PBXProject section */

/* Begin PBXResourcesBuildPhase section */
		3C3D05931A50FBD3002E3669 /* Resources */ = {
			isa = PBXResourcesBuildPhase;
			buildActionMask = 2147483647;
			files = (
				3C3D05A01A50FBD3002E3669 /* Main.storyboard in Resources */,
				3C3D05BB1A511E26002E3669 /* SagradaFamilia.jpeg in Resources */,
				3C3D05BD1A515083002E3669 /* AlbertEinsteinStamp.jpg in Resources */,
				3C3D05A51A50FBD3002E3669 /* LaunchScreen.xib in Resources */,
				3C3D05A21A50FBD3002E3669 /* Images.xcassets in Resources */,
			);
			runOnlyForDeploymentPostprocessing = 0;
		};
		3C3D05A81A50FBD3002E3669 /* Resources */ = {
			isa = PBXResourcesBuildPhase;
			buildActionMask = 2147483647;
			files = (
			);
			runOnlyForDeploymentPostprocessing = 0;
		};
/* End PBXResourcesBuildPhase section */

/* Begin PBXSourcesBuildPhase section */
		3C3D05911A50FBD3002E3669 /* Sources */ = {
			isa = PBXSourcesBuildPhase;
			buildActionMask = 2147483647;
			files = (
				3C3D059D1A50FBD3002E3669 /* ViewController.swift in Sources */,
				3C3D059B1A50FBD3002E3669 /* AppDelegate.swift in Sources */,
			);
			runOnlyForDeploymentPostprocessing = 0;
		};
		3C3D05A61A50FBD3002E3669 /* Sources */ = {
			isa = PBXSourcesBuildPhase;
			buildActionMask = 2147483647;
			files = (
				3C3D05B11A50FBD3002E3669 /* PostcardTests.swift in Sources */,
			);
			runOnlyForDeploymentPostprocessing = 0;
		};
/* End PBXSourcesBuildPhase section */

/* Begin PBXTargetDependency section */
		3C3D05AC1A50FBD3002E3669 /* PBXTargetDependency */ = {
			isa = PBXTargetDependency;
			target = 3C3D05941A50FBD3002E3669 /* Postcard */;
			targetProxy = 3C3D05AB1A50FBD3002E3669 /* PBXContainerItemProxy */;
		};
/* End PBXTargetDependency section */

/* Begin PBXVariantGroup section */
		3C3D059E1A50FBD3002E3669 /* Main.storyboard */ = {
			isa = PBXVariantGroup;
			children = (
				3C3D059F1A50FBD3002E3669 /* Base */,
			);
			name = Main.storyboard;
			sourceTree = "<group>";
		};
		3C3D05A31A50FBD3002E3669 /* LaunchScreen.xib */ = {
			isa = PBXVariantGroup;
			children = (
				3C3D05A41A50FBD3002E3669 /* Base */,
			);
			name = LaunchScreen.xib;
			sourceTree = "<group>";
		};
/* End PBXVariantGroup section */

/* Begin XCBuildConfiguration section */
		3C3D05B21A50FBD3002E3669 /* Debug */ = {
			isa = XCBuildConfiguration;
			buildSettings = {
				ALWAYS_SEARCH_USER_PATHS = NO;
				CLANG_CXX_LANGUAGE_STANDARD = "gnu++0x";
				CLANG_CXX_LIBRARY = "libc++";
				CLANG_ENABLE_MODULES = YES;
				CLANG_ENABLE_OBJC_ARC = YES;
				CLANG_WARN_BOOL_CONVERSION = YES;
				CLANG_WARN_CONSTANT_CONVERSION = YES;
				CLANG_WARN_DIRECT_OBJC_ISA_USAGE = YES_ERROR;
				CLANG_WARN_EMPTY_BODY = YES;
				CLANG_WARN_ENUM_CONVERSION = YES;
				CLANG_WARN_INT_CONVERSION = YES;
				CLANG_WARN_OBJC_ROOT_CLASS = YES_ERROR;
				CLANG_WARN_UNREACHABLE_CODE = YES;
				CLANG_WARN__DUPLICATE_METHOD_MATCH = YES;
				"CODE_SIGN_IDENTITY[sdk=iphoneos*]" = "iPhone Developer";
				COPY_PHASE_STRIP = NO;
				ENABLE_STRICT_OBJC_MSGSEND = YES;
				GCC_C_LANGUAGE_STANDARD = gnu99;
				GCC_DYNAMIC_NO_PIC = NO;
				GCC_OPTIMIZATION_LEVEL = 0;
				GCC_PREPROCESSOR_DEFINITIONS = (
					"DEBUG=1",
					"$(inherited)",
				);
				GCC_SYMBOLS_PRIVATE_EXTERN = NO;
				GCC_WARN_64_TO_32_BIT_CONVERSION = YES;
				GCC_WARN_ABOUT_RETURN_TYPE = YES_ERROR;
				GCC_WARN_UNDECLARED_SELECTOR = YES;
				GCC_WARN_UNINITIALIZED_AUTOS = YES_AGGRESSIVE;
				GCC_WARN_UNUSED_FUNCTION = YES;
				GCC_WARN_UNUSED_VARIABLE = YES;
				IPHONEOS_DEPLOYMENT_TARGET = 8.1;
				MTL_ENABLE_DEBUG_INFO = YES;
				ONLY_ACTIVE_ARCH = YES;
				SDKROOT = iphoneos;
				SWIFT_OPTIMIZATION_LEVEL = "-Onone";
				TARGETED_DEVICE_FAMILY = "1,2";
			};
			name = Debug;
		};
		3C3D05B31A50FBD3002E3669 /* Release */ = {
			isa = XCBuildConfiguration;
			buildSettings = {
				ALWAYS_SEARCH_USER_PATHS = NO;
				CLANG_CXX_LANGUAGE_STANDARD = "gnu++0x";
				CLANG_CXX_LIBRARY = "libc++";
				CLANG_ENABLE_MODULES = YES;
				CLANG_ENABLE_OBJC_ARC = YES;
				CLANG_WARN_BOOL_CONVERSION = YES;
				CLANG_WARN_CONSTANT_CONVERSION = YES;
				CLANG_WARN_DIRECT_OBJC_ISA_USAGE = YES_ERROR;
				CLANG_WARN_EMPTY_BODY = YES;
				CLANG_WARN_ENUM_CONVERSION = YES;
				CLANG_WARN_INT_CONVERSION = YES;
				CLANG_WARN_OBJC_ROOT_CLASS = YES_ERROR;
				CLANG_WARN_UNREACHABLE_CODE = YES;
				CLANG_WARN__DUPLICATE_METHOD_MATCH = YES;
				"CODE_SIGN_IDENTITY[sdk=iphoneos*]" = "iPhone Developer";
				COPY_PHASE_STRIP = YES;
				ENABLE_NS_ASSERTIONS = NO;
				ENABLE_STRICT_OBJC_MSGSEND = YES;
				GCC_C_LANGUAGE_STANDARD = gnu99;
				GCC_WARN_64_TO_32_BIT_CONVERSION = YES;
				GCC_WARN_ABOUT_RETURN_TYPE = YES_ERROR;
				GCC_WARN_UNDECLARED_SELECTOR = YES;
				GCC_WARN_UNINITIALIZED_AUTOS = YES_AGGRESSIVE;
				GCC_WARN_UNUSED_FUNCTION = YES;
				GCC_WARN_UNUSED_VARIABLE = YES;
				IPHONEOS_DEPLOYMENT_TARGET = 8.1;
				MTL_ENABLE_DEBUG_INFO = NO;
				SDKROOT = iphoneos;
				TARGETED_DEVICE_FAMILY = "1,2";
				VALIDATE_PRODUCT = YES;
			};
			name = Release;
		};
		3C3D05B51A50FBD3002E3669 /* Debug */ = {
			isa = XCBuildConfiguration;
			buildSettings = {
				ASSETCATALOG_COMPILER_APPICON_NAME = AppIcon;
				INFOPLIST_FILE = Postcard/Info.plist;
				LD_RUNPATH_SEARCH_PATHS = "$(inherited) @executable_path/Frameworks";
				PRODUCT_NAME = "$(TARGET_NAME)";
			};
			name = Debug;
		};
		3C3D05B61A50FBD3002E3669 /* Release */ = {
			isa = XCBuildConfiguration;
			buildSettings = {
				ASSETCATALOG_COMPILER_APPICON_NAME = AppIcon;
				INFOPLIST_FILE = Postcard/Info.plist;
				LD_RUNPATH_SEARCH_PATHS = "$(inherited) @executable_path/Frameworks";
				PRODUCT_NAME = "$(TARGET_NAME)";
			};
			name = Release;
		};
		3C3D05B81A50FBD3002E3669 /* Debug */ = {
			isa = XCBuildConfiguration;
			buildSettings = {
				BUNDLE_LOADER = "$(TEST_HOST)";
				FRAMEWORK_SEARCH_PATHS = (
					"$(SDKROOT)/Developer/Library/Frameworks",
					"$(inherited)",
				);
				GCC_PREPROCESSOR_DEFINITIONS = (
					"DEBUG=1",
					"$(inherited)",
				);
				INFOPLIST_FILE = PostcardTests/Info.plist;
				LD_RUNPATH_SEARCH_PATHS = "$(inherited) @executable_path/Frameworks @loader_path/Frameworks";
				PRODUCT_NAME = "$(TARGET_NAME)";
				TEST_HOST = "$(BUILT_PRODUCTS_DIR)/Postcard.app/Postcard";
			};
			name = Debug;
		};
		3C3D05B91A50FBD3002E3669 /* Release */ = {
			isa = XCBuildConfiguration;
			buildSettings = {
				BUNDLE_LOADER = "$(TEST_HOST)";
				FRAMEWORK_SEARCH_PATHS = (
					"$(SDKROOT)/Developer/Library/Frameworks",
					"$(inherited)",
				);
				INFOPLIST_FILE = PostcardTests/Info.plist;
				LD_RUNPATH_SEARCH_PATHS = "$(inherited) @executable_path/Frameworks @loader_path/Frameworks";
				PRODUCT_NAME = "$(TARGET_NAME)";
				TEST_HOST = "$(BUILT_PRODUCTS_DIR)/Postcard.app/Postcard";
			};
			name = Release;
		};
/* End XCBuildConfiguration section */

/* Begin XCConfigurationList section */
		3C3D05901A50FBD3002E3669 /* Build configuration list for PBXProject "Postcard" */ = {
			isa = XCConfigurationList;
			buildConfigurations = (
				3C3D05B21A50FBD3002E3669 /* Debug */,
				3C3D05B31A50FBD3002E3669 /* Release */,
			);
			defaultConfigurationIsVisible = 0;
			defaultConfigurationName = Release;
		};
		3C3D05B41A50FBD3002E3669 /* Build configuration list for PBXNativeTarget "Postcard" */ = {
			isa = XCConfigurationList;
			buildConfigurations = (
				3C3D05B51A50FBD3002E3669 /* Debug */,
				3C3D05B61A50FBD3002E3669 /* Release */,
			);
			defaultConfigurationIsVisible = 0;
		};
		3C3D05B71A50FBD3002E3669 /* Build configuration list for PBXNativeTarget "PostcardTests" */ = {
			isa = XCConfigurationList;
			buildConfigurations = (
				3C3D05B81A50FBD3002E3669 /* Debug */,
				3C3D05B91A50FBD3002E3669 /* Release */,
			);
			defaultConfigurationIsVisible = 0;
		};
/* End XCConfigurationList section */
	};
	rootObject = 3C3D058D1A50FBD3002E3669 /* Project object */;
}
